
Microsoft Visual Studio Solution File, Format Version 12.00
# Visual Studio Version 17
VisualStudioVersion = 17.3.32922.545
MinimumVisualStudioVersion = 10.0.40219.1
Project("{FAE04EC0-301F-11D3-BF4B-00C04F79EFBC}") = "vowel and consonant program", "vowel and consonant program\vowel and consonant program.csproj", "{4AAD556A-8EA1-48ED-8C11-AAD209888F20}"
EndProject
Global
	GlobalSection(SolutionConfigurationPlatforms) = preSolution
		Debug|Any CPU = Debug|Any CPU
		Release|Any CPU = Release|Any CPU
	EndGlobalSection
	GlobalSection(ProjectConfigurationPlatforms) = postSolution
		{4AAD556A-8EA1-48ED-8C11-AAD209888F20}.Debug|Any CPU.ActiveCfg = Debug|Any CPU
		{4AAD556A-8EA1-48ED-8C11-AAD209888F20}.Debug|Any CPU.Build.0 = Debug|Any CPU
		{4AAD556A-8EA1-48ED-8C11-AAD209888F20}.Release|Any CPU.ActiveCfg = Release|Any CPU
		{4AAD556A-8EA1-48ED-8C11-AAD209888F20}.Release|Any CPU.Build.0 = Release|Any CPU
	EndGlobalSection
	GlobalSection(SolutionProperties) = preSolution
		HideSolutionNode = FALSE
	EndGlobalSection
	GlobalSection(ExtensibilityGlobals) = postSolution
		SolutionGuid = {036CA811-CD5F-4CD6-8F37-D7412A175755}
	EndGlobalSection
EndGlobal
